
Microsoft Visual Studio Solution File, Format Version 12.00
Project("{FAE04EC0-301F-11D3-BF4B-00C04F79EFBC}") = "si730pc2u20211c211.API", "si730pc2u20211c211.API\si730pc2u20211c211.API.csproj", "{C6114C2B-A7E0-43EC-9FC6-1FF1BDDBD5AB}"
EndProject
Global
	GlobalSection(SolutionConfigurationPlatforms) = preSolution
		Debug|Any CPU = Debug|Any CPU
		Release|Any CPU = Release|Any CPU
	EndGlobalSection
	GlobalSection(ProjectConfigurationPlatforms) = postSolution
		{C6114C2B-A7E0-43EC-9FC6-1FF1BDDBD5AB}.Debug|Any CPU.ActiveCfg = Debug|Any CPU
		{C6114C2B-A7E0-43EC-9FC6-1FF1BDDBD5AB}.Debug|Any CPU.Build.0 = Debug|Any CPU
		{C6114C2B-A7E0-43EC-9FC6-1FF1BDDBD5AB}.Release|Any CPU.ActiveCfg = Release|Any CPU
		{C6114C2B-A7E0-43EC-9FC6-1FF1BDDBD5AB}.Release|Any CPU.Build.0 = Release|Any CPU
	EndGlobalSection
EndGlobal
